
Microsoft Visual Studio Solution File, Format Version 12.00
# Visual Studio Version 17
VisualStudioVersion = 17.7.34031.279
MinimumVisualStudioVersion = 10.0.40219.1
Project("{9A19103F-16F7-4668-BE54-9A1E7A4F7556}") = "Book.Borrow.Project", "Book.Borrow.Project\Book.Borrow.Project.csproj", "{1EC9C9F1-FC59-41B7-82ED-C6F55E8A0286}"
EndProject
Project("{2150E333-8FDC-42A3-9474-1A3956D46DE8}") = "Business", "Business", "{62B6484D-EE58-4E08-BF0C-08E3789C929D}"
EndProject
Project("{FAE04EC0-301F-11D3-BF4B-00C04F79EFBC}") = "BookBorrowDomain", "BookBorrowDomain\BookBorrowDomain.csproj", "{6B5285B2-68FB-4350-9752-AC2F2F3E2F54}"
EndProject
Global
	GlobalSection(SolutionConfigurationPlatforms) = preSolution
		Debug|Any CPU = Debug|Any CPU
		Release|Any CPU = Release|Any CPU
	EndGlobalSection
	GlobalSection(ProjectConfigurationPlatforms) = postSolution
		{1EC9C9F1-FC59-41B7-82ED-C6F55E8A0286}.Debug|Any CPU.ActiveCfg = Debug|Any CPU
		{1EC9C9F1-FC59-41B7-82ED-C6F55E8A0286}.Debug|Any CPU.Build.0 = Debug|Any CPU
		{1EC9C9F1-FC59-41B7-82ED-C6F55E8A0286}.Release|Any CPU.ActiveCfg = Release|Any CPU
		{1EC9C9F1-FC59-41B7-82ED-C6F55E8A0286}.Release|Any CPU.Build.0 = Release|Any CPU
		{6B5285B2-68FB-4350-9752-AC2F2F3E2F54}.Debug|Any CPU.ActiveCfg = Debug|Any CPU
		{6B5285B2-68FB-4350-9752-AC2F2F3E2F54}.Debug|Any CPU.Build.0 = Debug|Any CPU
		{6B5285B2-68FB-4350-9752-AC2F2F3E2F54}.Release|Any CPU.ActiveCfg = Release|Any CPU
		{6B5285B2-68FB-4350-9752-AC2F2F3E2F54}.Release|Any CPU.Build.0 = Release|Any CPU
	EndGlobalSection
	GlobalSection(SolutionProperties) = preSolution
		HideSolutionNode = FALSE
	EndGlobalSection
	GlobalSection(NestedProjects) = preSolution
		{6B5285B2-68FB-4350-9752-AC2F2F3E2F54} = {62B6484D-EE58-4E08-BF0C-08E3789C929D}
	EndGlobalSection
	GlobalSection(ExtensibilityGlobals) = postSolution
		SolutionGuid = {7B5A9BFB-DAEA-4524-B6C7-B3FFA74ACD4F}
	EndGlobalSection
EndGlobal
